
Microsoft Visual Studio Solution File, Format Version 12.00
# Visual Studio 15
VisualStudioVersion = 15.0.26730.3
MinimumVisualStudioVersion = 10.0.40219.1
Project("{2150E333-8FDC-42A3-9474-1A3956D46DE8}") = "Solution Items", "Solution Items", "{87C1E67E-2486-434D-9A1A-9F3E1E12E2CE}"
	ProjectSection(SolutionItems) = preProject
		README.md = README.md
	EndProjectSection
EndProject
Project("{FAE04EC0-301F-11D3-BF4B-00C04F79EFBC}") = "Meow.Schwarz", "Meow.Schwarz\Meow.Schwarz.csproj", "{E9BA4498-BE00-4390-8FE4-391B2AF6373B}"
EndProject
Project("{FAE04EC0-301F-11D3-BF4B-00C04F79EFBC}") = "Meow.Debugger", "Meow.Debugger\Meow.Debugger.csproj", "{7D189F73-6856-44B8-90D8-1A045F98D893}"
EndProject
Global
	GlobalSection(SolutionConfigurationPlatforms) = preSolution
		Debug|Any CPU = Debug|Any CPU
		Release|Any CPU = Release|Any CPU
	EndGlobalSection
	GlobalSection(ProjectConfigurationPlatforms) = postSolution
		{E9BA4498-BE00-4390-8FE4-391B2AF6373B}.Debug|Any CPU.ActiveCfg = Debug|Any CPU
		{E9BA4498-BE00-4390-8FE4-391B2AF6373B}.Debug|Any CPU.Build.0 = Debug|Any CPU
		{E9BA4498-BE00-4390-8FE4-391B2AF6373B}.Release|Any CPU.ActiveCfg = Release|Any CPU
		{E9BA4498-BE00-4390-8FE4-391B2AF6373B}.Release|Any CPU.Build.0 = Release|Any CPU
		{7D189F73-6856-44B8-90D8-1A045F98D893}.Debug|Any CPU.ActiveCfg = Debug|Any CPU
		{7D189F73-6856-44B8-90D8-1A045F98D893}.Debug|Any CPU.Build.0 = Debug|Any CPU
		{7D189F73-6856-44B8-90D8-1A045F98D893}.Release|Any CPU.ActiveCfg = Release|Any CPU
		{7D189F73-6856-44B8-90D8-1A045F98D893}.Release|Any CPU.Build.0 = Release|Any CPU
	EndGlobalSection
	GlobalSection(SolutionProperties) = preSolution
		HideSolutionNode = FALSE
	EndGlobalSection
	GlobalSection(ExtensibilityGlobals) = postSolution
		SolutionGuid = {0654F9DF-2A0A-4F94-B81A-970C3C29F01A}
	EndGlobalSection
EndGlobal
