
Microsoft Visual Studio Solution File, Format Version 12.00
# Visual Studio 15
VisualStudioVersion = 15.0.26430.13
MinimumVisualStudioVersion = 10.0.40219.1
Project("{9A19103F-16F7-4668-BE54-9A1E7A4F7556}") = "Meow.Core", "Core\Meow.Core.csproj", "{F5E3A46C-59B0-439C-A67F-CAD4DAEAB6EB}"
EndProject
Project("{9A19103F-16F7-4668-BE54-9A1E7A4F7556}") = "Meow.Sample", "Sample\Meow.Sample.csproj", "{37A3CC8C-452E-4F98-8B0B-B9EF611E95ED}"
EndProject
Project("{2150E333-8FDC-42A3-9474-1A3956D46DE8}") = "Solution Items", "Solution Items", "{87C1E67E-2486-434D-9A1A-9F3E1E12E2CE}"
	ProjectSection(SolutionItems) = preProject
		README.md = README.md
	EndProjectSection
EndProject
Global
	GlobalSection(SolutionConfigurationPlatforms) = preSolution
		Debug|Any CPU = Debug|Any CPU
		Release|Any CPU = Release|Any CPU
	EndGlobalSection
	GlobalSection(ProjectConfigurationPlatforms) = postSolution
		{F5E3A46C-59B0-439C-A67F-CAD4DAEAB6EB}.Debug|Any CPU.ActiveCfg = Debug|Any CPU
		{F5E3A46C-59B0-439C-A67F-CAD4DAEAB6EB}.Debug|Any CPU.Build.0 = Debug|Any CPU
		{F5E3A46C-59B0-439C-A67F-CAD4DAEAB6EB}.Release|Any CPU.ActiveCfg = Release|Any CPU
		{F5E3A46C-59B0-439C-A67F-CAD4DAEAB6EB}.Release|Any CPU.Build.0 = Release|Any CPU
		{37A3CC8C-452E-4F98-8B0B-B9EF611E95ED}.Debug|Any CPU.ActiveCfg = Debug|Any CPU
		{37A3CC8C-452E-4F98-8B0B-B9EF611E95ED}.Debug|Any CPU.Build.0 = Debug|Any CPU
		{37A3CC8C-452E-4F98-8B0B-B9EF611E95ED}.Release|Any CPU.ActiveCfg = Release|Any CPU
		{37A3CC8C-452E-4F98-8B0B-B9EF611E95ED}.Release|Any CPU.Build.0 = Release|Any CPU
	EndGlobalSection
	GlobalSection(SolutionProperties) = preSolution
		HideSolutionNode = FALSE
	EndGlobalSection
EndGlobal
